
Microsoft Visual Studio Solution File, Format Version 12.00
# Visual Studio Version 17
VisualStudioVersion = 17.9.34728.123
MinimumVisualStudioVersion = 10.0.40219.1
Project("{2150E333-8FDC-42A3-9474-1A3956D46DE8}") = "BookingService", "BookingService", "{C839220D-334B-4A8C-B86E-DC1D185924AB}"
EndProject
Project("{2150E333-8FDC-42A3-9474-1A3956D46DE8}") = "PaymentService", "PaymentService", "{72FCE680-DDCC-4C57-B66A-0AA0C6A4E37F}"
EndProject
Project("{2150E333-8FDC-42A3-9474-1A3956D46DE8}") = "Adapters", "Adapters", "{A661951F-DB75-4ADA-A483-AE1912FA8B39}"
EndProject
Project("{2150E333-8FDC-42A3-9474-1A3956D46DE8}") = "Consumers", "Consumers", "{E8A83306-8779-449E-9746-8E34D1EC3FF0}"
EndProject
Project("{2150E333-8FDC-42A3-9474-1A3956D46DE8}") = "Core", "Core", "{5036D33E-D726-4634-BC84-96E6F72321EF}"
EndProject
Project("{2150E333-8FDC-42A3-9474-1A3956D46DE8}") = "Application", "Application", "{6EF65997-018B-4E93-865F-795E71486F65}"
EndProject
Project("{2150E333-8FDC-42A3-9474-1A3956D46DE8}") = "Domain", "Domain", "{922E028E-636D-421D-8A79-483803CBD527}"
EndProject
Project("{2150E333-8FDC-42A3-9474-1A3956D46DE8}") = "Tests", "Tests", "{1A1826E9-93D5-4764-9127-F5D7024FF561}"
EndProject
Project("{2150E333-8FDC-42A3-9474-1A3956D46DE8}") = "Adapters", "Adapters", "{1AC3A3BD-3FF6-4222-83CB-FDD24BE6A606}"
EndProject
Project("{2150E333-8FDC-42A3-9474-1A3956D46DE8}") = "Application", "Application", "{8B8EAA38-CFCD-41FC-8536-294265DA3959}"
EndProject
Project("{2150E333-8FDC-42A3-9474-1A3956D46DE8}") = "Domain", "Domain", "{EF41716D-FBFE-4101-8E4D-6F08615560EB}"
EndProject
Project("{9A19103F-16F7-4668-BE54-9A1E7A4F7556}") = "AdaptersTests", "BookingService\Tests\Adapters\AdaptersTests\AdaptersTests.csproj", "{4576DF88-7F1B-4DD0-9A00-4EA400A239B6}"
EndProject
Project("{9A19103F-16F7-4668-BE54-9A1E7A4F7556}") = "ApplicationTests", "BookingService\Tests\Application\ApplicationTests\ApplicationTests.csproj", "{27BBD7D3-C53F-4FD5-AFCC-6FD32BF7E728}"
EndProject
Project("{9A19103F-16F7-4668-BE54-9A1E7A4F7556}") = "DomainTests", "BookingService\Tests\Domain\DomainTests\DomainTests.csproj", "{03E09A4B-FBD0-4B67-A506-EDC0FD8B9CB1}"
EndProject
Project("{9A19103F-16F7-4668-BE54-9A1E7A4F7556}") = "Data", "BookingService\Adapters\Data\Data.csproj", "{C842F564-4009-4129-8ED9-E065C5FBCE5C}"
EndProject
Project("{9A19103F-16F7-4668-BE54-9A1E7A4F7556}") = "API", "BookingService\Consumers\API\API.csproj", "{00ED840C-37A9-4938-AED0-73D2DF6DA8EC}"
EndProject
Project("{9A19103F-16F7-4668-BE54-9A1E7A4F7556}") = "Application", "BookingService\Core\Application\Application.csproj", "{50B67158-E1BE-4DE5-B739-647678DC22CE}"
EndProject
Project("{9A19103F-16F7-4668-BE54-9A1E7A4F7556}") = "Domain", "BookingService\Core\Domain\Domain.csproj", "{556DCF14-103A-46BD-8F53-393A8CA790FA}"
EndProject
Project("{2150E333-8FDC-42A3-9474-1A3956D46DE8}") = "Core", "Core", "{CF5EE276-436F-4864-A0C6-E0E5A5146AD8}"
EndProject
Project("{2150E333-8FDC-42A3-9474-1A3956D46DE8}") = "Application", "Application", "{1DC7A6D4-C362-4FE6-A99E-7C7D4B349C74}"
EndProject
Project("{2150E333-8FDC-42A3-9474-1A3956D46DE8}") = "Domain", "Domain", "{704333D2-DEF0-49A8-BA36-23B68A517461}"
EndProject
Project("{9A19103F-16F7-4668-BE54-9A1E7A4F7556}") = "Payments.Application", "PaymentService\Core\Application\Application\Payments.Application.csproj", "{DD09E9A8-91D0-4054-B020-9AA0B26D0BA9}"
EndProject
Project("{FAE04EC0-301F-11D3-BF4B-00C04F79EFBC}") = "Payments.UnitTests", "PaymentService\Payments.UnitTests\Payments.UnitTests.csproj", "{83CE896F-1736-4F33-8E28-BE46E00C05CB}"
EndProject
Global
	GlobalSection(SolutionConfigurationPlatforms) = preSolution
		Debug|Any CPU = Debug|Any CPU
		Release|Any CPU = Release|Any CPU
	EndGlobalSection
	GlobalSection(ProjectConfigurationPlatforms) = postSolution
		{4576DF88-7F1B-4DD0-9A00-4EA400A239B6}.Debug|Any CPU.ActiveCfg = Debug|Any CPU
		{4576DF88-7F1B-4DD0-9A00-4EA400A239B6}.Debug|Any CPU.Build.0 = Debug|Any CPU
		{4576DF88-7F1B-4DD0-9A00-4EA400A239B6}.Release|Any CPU.ActiveCfg = Release|Any CPU
		{4576DF88-7F1B-4DD0-9A00-4EA400A239B6}.Release|Any CPU.Build.0 = Release|Any CPU
		{27BBD7D3-C53F-4FD5-AFCC-6FD32BF7E728}.Debug|Any CPU.ActiveCfg = Debug|Any CPU
		{27BBD7D3-C53F-4FD5-AFCC-6FD32BF7E728}.Debug|Any CPU.Build.0 = Debug|Any CPU
		{27BBD7D3-C53F-4FD5-AFCC-6FD32BF7E728}.Release|Any CPU.ActiveCfg = Release|Any CPU
		{27BBD7D3-C53F-4FD5-AFCC-6FD32BF7E728}.Release|Any CPU.Build.0 = Release|Any CPU
		{03E09A4B-FBD0-4B67-A506-EDC0FD8B9CB1}.Debug|Any CPU.ActiveCfg = Debug|Any CPU
		{03E09A4B-FBD0-4B67-A506-EDC0FD8B9CB1}.Debug|Any CPU.Build.0 = Debug|Any CPU
		{03E09A4B-FBD0-4B67-A506-EDC0FD8B9CB1}.Release|Any CPU.ActiveCfg = Release|Any CPU
		{03E09A4B-FBD0-4B67-A506-EDC0FD8B9CB1}.Release|Any CPU.Build.0 = Release|Any CPU
		{C842F564-4009-4129-8ED9-E065C5FBCE5C}.Debug|Any CPU.ActiveCfg = Debug|Any CPU
		{C842F564-4009-4129-8ED9-E065C5FBCE5C}.Debug|Any CPU.Build.0 = Debug|Any CPU
		{C842F564-4009-4129-8ED9-E065C5FBCE5C}.Release|Any CPU.ActiveCfg = Release|Any CPU
		{C842F564-4009-4129-8ED9-E065C5FBCE5C}.Release|Any CPU.Build.0 = Release|Any CPU
		{00ED840C-37A9-4938-AED0-73D2DF6DA8EC}.Debug|Any CPU.ActiveCfg = Debug|Any CPU
		{00ED840C-37A9-4938-AED0-73D2DF6DA8EC}.Debug|Any CPU.Build.0 = Debug|Any CPU
		{00ED840C-37A9-4938-AED0-73D2DF6DA8EC}.Release|Any CPU.ActiveCfg = Release|Any CPU
		{00ED840C-37A9-4938-AED0-73D2DF6DA8EC}.Release|Any CPU.Build.0 = Release|Any CPU
		{50B67158-E1BE-4DE5-B739-647678DC22CE}.Debug|Any CPU.ActiveCfg = Debug|Any CPU
		{50B67158-E1BE-4DE5-B739-647678DC22CE}.Debug|Any CPU.Build.0 = Debug|Any CPU
		{50B67158-E1BE-4DE5-B739-647678DC22CE}.Release|Any CPU.ActiveCfg = Release|Any CPU
		{50B67158-E1BE-4DE5-B739-647678DC22CE}.Release|Any CPU.Build.0 = Release|Any CPU
		{556DCF14-103A-46BD-8F53-393A8CA790FA}.Debug|Any CPU.ActiveCfg = Debug|Any CPU
		{556DCF14-103A-46BD-8F53-393A8CA790FA}.Debug|Any CPU.Build.0 = Debug|Any CPU
		{556DCF14-103A-46BD-8F53-393A8CA790FA}.Release|Any CPU.ActiveCfg = Release|Any CPU
		{556DCF14-103A-46BD-8F53-393A8CA790FA}.Release|Any CPU.Build.0 = Release|Any CPU
		{DD09E9A8-91D0-4054-B020-9AA0B26D0BA9}.Debug|Any CPU.ActiveCfg = Debug|Any CPU
		{DD09E9A8-91D0-4054-B020-9AA0B26D0BA9}.Debug|Any CPU.Build.0 = Debug|Any CPU
		{DD09E9A8-91D0-4054-B020-9AA0B26D0BA9}.Release|Any CPU.ActiveCfg = Release|Any CPU
		{DD09E9A8-91D0-4054-B020-9AA0B26D0BA9}.Release|Any CPU.Build.0 = Release|Any CPU
		{83CE896F-1736-4F33-8E28-BE46E00C05CB}.Debug|Any CPU.ActiveCfg = Debug|Any CPU
		{83CE896F-1736-4F33-8E28-BE46E00C05CB}.Debug|Any CPU.Build.0 = Debug|Any CPU
		{83CE896F-1736-4F33-8E28-BE46E00C05CB}.Release|Any CPU.ActiveCfg = Release|Any CPU
		{83CE896F-1736-4F33-8E28-BE46E00C05CB}.Release|Any CPU.Build.0 = Release|Any CPU
	EndGlobalSection
	GlobalSection(SolutionProperties) = preSolution
		HideSolutionNode = FALSE
	EndGlobalSection
	GlobalSection(NestedProjects) = preSolution
		{A661951F-DB75-4ADA-A483-AE1912FA8B39} = {C839220D-334B-4A8C-B86E-DC1D185924AB}
		{E8A83306-8779-449E-9746-8E34D1EC3FF0} = {C839220D-334B-4A8C-B86E-DC1D185924AB}
		{5036D33E-D726-4634-BC84-96E6F72321EF} = {C839220D-334B-4A8C-B86E-DC1D185924AB}
		{6EF65997-018B-4E93-865F-795E71486F65} = {5036D33E-D726-4634-BC84-96E6F72321EF}
		{922E028E-636D-421D-8A79-483803CBD527} = {5036D33E-D726-4634-BC84-96E6F72321EF}
		{1A1826E9-93D5-4764-9127-F5D7024FF561} = {C839220D-334B-4A8C-B86E-DC1D185924AB}
		{1AC3A3BD-3FF6-4222-83CB-FDD24BE6A606} = {1A1826E9-93D5-4764-9127-F5D7024FF561}
		{8B8EAA38-CFCD-41FC-8536-294265DA3959} = {1A1826E9-93D5-4764-9127-F5D7024FF561}
		{EF41716D-FBFE-4101-8E4D-6F08615560EB} = {1A1826E9-93D5-4764-9127-F5D7024FF561}
		{4576DF88-7F1B-4DD0-9A00-4EA400A239B6} = {1AC3A3BD-3FF6-4222-83CB-FDD24BE6A606}
		{27BBD7D3-C53F-4FD5-AFCC-6FD32BF7E728} = {8B8EAA38-CFCD-41FC-8536-294265DA3959}
		{03E09A4B-FBD0-4B67-A506-EDC0FD8B9CB1} = {EF41716D-FBFE-4101-8E4D-6F08615560EB}
		{C842F564-4009-4129-8ED9-E065C5FBCE5C} = {A661951F-DB75-4ADA-A483-AE1912FA8B39}
		{00ED840C-37A9-4938-AED0-73D2DF6DA8EC} = {E8A83306-8779-449E-9746-8E34D1EC3FF0}
		{50B67158-E1BE-4DE5-B739-647678DC22CE} = {6EF65997-018B-4E93-865F-795E71486F65}
		{556DCF14-103A-46BD-8F53-393A8CA790FA} = {922E028E-636D-421D-8A79-483803CBD527}
		{CF5EE276-436F-4864-A0C6-E0E5A5146AD8} = {72FCE680-DDCC-4C57-B66A-0AA0C6A4E37F}
		{1DC7A6D4-C362-4FE6-A99E-7C7D4B349C74} = {CF5EE276-436F-4864-A0C6-E0E5A5146AD8}
		{704333D2-DEF0-49A8-BA36-23B68A517461} = {CF5EE276-436F-4864-A0C6-E0E5A5146AD8}
		{DD09E9A8-91D0-4054-B020-9AA0B26D0BA9} = {1DC7A6D4-C362-4FE6-A99E-7C7D4B349C74}
		{83CE896F-1736-4F33-8E28-BE46E00C05CB} = {72FCE680-DDCC-4C57-B66A-0AA0C6A4E37F}
	EndGlobalSection
	GlobalSection(ExtensibilityGlobals) = postSolution
		SolutionGuid = {04FA4055-3536-476A-B06D-F283FDA2D6C9}
	EndGlobalSection
EndGlobal
